// !$*UTF8*$!
{
	archiveVersion = 1;
	classes = {
	};
	objectVersion = 56;
	objects = {

/* Begin PBXBuildFile section */
		595F71D029D6F5DE002E3B4D /* Expense_TrackerApp.swift in Sources */ = {isa = PBXBuildFile; fileRef = 595F71CF29D6F5DE002E3B4D /* Expense_TrackerApp.swift */; };
		595F71D229D6F5DE002E3B4D /* ContentView.swift in Sources */ = {isa = PBXBuildFile; fileRef = 595F71D129D6F5DE002E3B4D /* ContentView.swift */; };
		595F71D429D6F5DF002E3B4D /* Assets.xcassets in Resources */ = {isa = PBXBuildFile; fileRef = 595F71D329D6F5DF002E3B4D /* Assets.xcassets */; };
		595F71D729D6F5DF002E3B4D /* Preview Assets.xcassets in Resources */ = {isa = PBXBuildFile; fileRef = 595F71D629D6F5DF002E3B4D /* Preview Assets.xcassets */; };
		595F71DE29D6F6D6002E3B4D /* Extensions.swift in Sources */ = {isa = PBXBuildFile; fileRef = 595F71DD29D6F6D6002E3B4D /* Extensions.swift */; };
		595F71E029D6F7B2002E3B4D /* HomeView.swift in Sources */ = {isa = PBXBuildFile; fileRef = 595F71DF29D6F7B2002E3B4D /* HomeView.swift */; };
		595F71E229D6FA72002E3B4D /* TransactionModel.swift in Sources */ = {isa = PBXBuildFile; fileRef = 595F71E129D6FA72002E3B4D /* TransactionModel.swift */; };
		595F71E429D6FB07002E3B4D /* PreviewData.swift in Sources */ = {isa = PBXBuildFile; fileRef = 595F71E329D6FB07002E3B4D /* PreviewData.swift */; };
		595F71E629D70299002E3B4D /* TransactionRow.swift in Sources */ = {isa = PBXBuildFile; fileRef = 595F71E529D70299002E3B4D /* TransactionRow.swift */; };
		595F71E829D7152C002E3B4D /* TransactionListViewModel.swift in Sources */ = {isa = PBXBuildFile; fileRef = 595F71E729D7152C002E3B4D /* TransactionListViewModel.swift */; };
		595F71EA29D71F73002E3B4D /* RecentTransactionList.swift in Sources */ = {isa = PBXBuildFile; fileRef = 595F71E929D71F73002E3B4D /* RecentTransactionList.swift */; };
		595F71EC29D72DE1002E3B4D /* TransactionListView.swift in Sources */ = {isa = PBXBuildFile; fileRef = 595F71EB29D72DE1002E3B4D /* TransactionListView.swift */; };
		595F71F329D73157002E3B4D /* OrderedCollections in Frameworks */ = {isa = PBXBuildFile; productRef = 595F71F229D73157002E3B4D /* OrderedCollections */; };
		595F71F629D7369D002E3B4D /* SwiftUICharts in Frameworks */ = {isa = PBXBuildFile; productRef = 595F71F529D7369D002E3B4D /* SwiftUICharts */; };
/* End PBXBuildFile section */

/* Begin PBXFileReference section */
		595F71CC29D6F5DE002E3B4D /* Expense Tracker.app */ = {isa = PBXFileReference; explicitFileType = wrapper.application; includeInIndex = 0; path = "Expense Tracker.app"; sourceTree = BUILT_PRODUCTS_DIR; };
		595F71CF29D6F5DE002E3B4D /* Expense_TrackerApp.swift */ = {isa = PBXFileReference; lastKnownFileType = sourcecode.swift; path = Expense_TrackerApp.swift; sourceTree = "<group>"; };
		595F71D129D6F5DE002E3B4D /* ContentView.swift */ = {isa = PBXFileReference; lastKnownFileType = sourcecode.swift; path = ContentView.swift; sourceTree = "<group>"; };
		595F71D329D6F5DF002E3B4D /* Assets.xcassets */ = {isa = PBXFileReference; lastKnownFileType = folder.assetcatalog; path = Assets.xcassets; sourceTree = "<group>"; };
		595F71D629D6F5DF002E3B4D /* Preview Assets.xcassets */ = {isa = PBXFileReference; lastKnownFileType = folder.assetcatalog; path = "Preview Assets.xcassets"; sourceTree = "<group>"; };
		595F71DD29D6F6D6002E3B4D /* Extensions.swift */ = {isa = PBXFileReference; lastKnownFileType = sourcecode.swift; path = Extensions.swift; sourceTree = "<group>"; };
		595F71DF29D6F7B2002E3B4D /* HomeView.swift */ = {isa = PBXFileReference; lastKnownFileType = sourcecode.swift; path = HomeView.swift; sourceTree = "<group>"; };
		595F71E129D6FA72002E3B4D /* TransactionModel.swift */ = {isa = PBXFileReference; lastKnownFileType = sourcecode.swift; path = TransactionModel.swift; sourceTree = "<group>"; };
		595F71E329D6FB07002E3B4D /* PreviewData.swift */ = {isa = PBXFileReference; lastKnownFileType = sourcecode.swift; path = PreviewData.swift; sourceTree = "<group>"; };
		595F71E529D70299002E3B4D /* TransactionRow.swift */ = {isa = PBXFileReference; lastKnownFileType = sourcecode.swift; path = TransactionRow.swift; sourceTree = "<group>"; };
		595F71E729D7152C002E3B4D /* TransactionListViewModel.swift */ = {isa = PBXFileReference; lastKnownFileType = sourcecode.swift; path = TransactionListViewModel.swift; sourceTree = "<group>"; };
		595F71E929D71F73002E3B4D /* RecentTransactionList.swift */ = {isa = PBXFileReference; lastKnownFileType = sourcecode.swift; path = RecentTransactionList.swift; sourceTree = "<group>"; };
		595F71EB29D72DE1002E3B4D /* TransactionListView.swift */ = {isa = PBXFileReference; lastKnownFileType = sourcecode.swift; path = TransactionListView.swift; sourceTree = "<group>"; };
/* End PBXFileReference section */

/* Begin PBXFrameworksBuildPhase section */
		595F71C929D6F5DE002E3B4D /* Frameworks */ = {
			isa = PBXFrameworksBuildPhase;
			buildActionMask = 2147483647;
			files = (
				595F71F329D73157002E3B4D /* OrderedCollections in Frameworks */,
				595F71F629D7369D002E3B4D /* SwiftUICharts in Frameworks */,
			);
			runOnlyForDeploymentPostprocessing = 0;
		};
/* End PBXFrameworksBuildPhase section */

/* Begin PBXGroup section */
		595F71C329D6F5DE002E3B4D = {
			isa = PBXGroup;
			children = (
				595F71CE29D6F5DE002E3B4D /* Expense Tracker */,
				595F71CD29D6F5DE002E3B4D /* Products */,
			);
			sourceTree = "<group>";
		};
		595F71CD29D6F5DE002E3B4D /* Products */ = {
			isa = PBXGroup;
			children = (
				595F71CC29D6F5DE002E3B4D /* Expense Tracker.app */,
			);
			name = Products;
			sourceTree = "<group>";
		};
		595F71CE29D6F5DE002E3B4D /* Expense Tracker */ = {
			isa = PBXGroup;
			children = (
				595F71F029D72FB1002E3B4D /* Models */,
				595F71EF29D72FA5002E3B4D /* ViewModels */,
				595F71EE29D72F84002E3B4D /* Components */,
				595F71ED29D72F75002E3B4D /* Views */,
				595F71DD29D6F6D6002E3B4D /* Extensions.swift */,
				595F71CF29D6F5DE002E3B4D /* Expense_TrackerApp.swift */,
				595F71D129D6F5DE002E3B4D /* ContentView.swift */,
				595F71D329D6F5DF002E3B4D /* Assets.xcassets */,
				595F71D529D6F5DF002E3B4D /* Preview Content */,
			);
			path = "Expense Tracker";
			sourceTree = "<group>";
		};
		595F71D529D6F5DF002E3B4D /* Preview Content */ = {
			isa = PBXGroup;
			children = (
				595F71D629D6F5DF002E3B4D /* Preview Assets.xcassets */,
				595F71E329D6FB07002E3B4D /* PreviewData.swift */,
			);
			path = "Preview Content";
			sourceTree = "<group>";
		};
		595F71ED29D72F75002E3B4D /* Views */ = {
			isa = PBXGroup;
			children = (
				595F71EB29D72DE1002E3B4D /* TransactionListView.swift */,
				595F71DF29D6F7B2002E3B4D /* HomeView.swift */,
			);
			path = Views;
			sourceTree = "<group>";
		};
		595F71EE29D72F84002E3B4D /* Components */ = {
			isa = PBXGroup;
			children = (
				595F71E529D70299002E3B4D /* TransactionRow.swift */,
				595F71E929D71F73002E3B4D /* RecentTransactionList.swift */,
			);
			path = Components;
			sourceTree = "<group>";
		};
		595F71EF29D72FA5002E3B4D /* ViewModels */ = {
			isa = PBXGroup;
			children = (
				595F71E729D7152C002E3B4D /* TransactionListViewModel.swift */,
			);
			path = ViewModels;
			sourceTree = "<group>";
		};
		595F71F029D72FB1002E3B4D /* Models */ = {
			isa = PBXGroup;
			children = (
				595F71E129D6FA72002E3B4D /* TransactionModel.swift */,
			);
			path = Models;
			sourceTree = "<group>";
		};
/* End PBXGroup section */

/* Begin PBXNativeTarget section */
		595F71CB29D6F5DE002E3B4D /* Expense Tracker */ = {
			isa = PBXNativeTarget;
			buildConfigurationList = 595F71DA29D6F5DF002E3B4D /* Build configuration list for PBXNativeTarget "Expense Tracker" */;
			buildPhases = (
				595F71C829D6F5DE002E3B4D /* Sources */,
				595F71C929D6F5DE002E3B4D /* Frameworks */,
				595F71CA29D6F5DE002E3B4D /* Resources */,
			);
			buildRules = (
			);
			dependencies = (
			);
			name = "Expense Tracker";
			packageProductDependencies = (
				595F71F229D73157002E3B4D /* OrderedCollections */,
				595F71F529D7369D002E3B4D /* SwiftUICharts */,
			);
			productName = "Expense Tracker";
			productReference = 595F71CC29D6F5DE002E3B4D /* Expense Tracker.app */;
			productType = "com.apple.product-type.application";
		};
/* End PBXNativeTarget section */

/* Begin PBXProject section */
		595F71C429D6F5DE002E3B4D /* Project object */ = {
			isa = PBXProject;
			attributes = {
				BuildIndependentTargetsInParallel = 1;
				LastSwiftUpdateCheck = 1420;
				LastUpgradeCheck = 1420;
				TargetAttributes = {
					595F71CB29D6F5DE002E3B4D = {
						CreatedOnToolsVersion = 14.2;
					};
				};
			};
			buildConfigurationList = 595F71C729D6F5DE002E3B4D /* Build configuration list for PBXProject "Expense Tracker" */;
			compatibilityVersion = "Xcode 14.0";
			developmentRegion = en;
			hasScannedForEncodings = 0;
			knownRegions = (
				en,
				Base,
			);
			mainGroup = 595F71C329D6F5DE002E3B4D;
			packageReferences = (
				595F71F129D73157002E3B4D /* XCRemoteSwiftPackageReference "swift-collections" */,
				595F71F429D7369D002E3B4D /* XCRemoteSwiftPackageReference "ChartView" */,
			);
			productRefGroup = 595F71CD29D6F5DE002E3B4D /* Products */;
			projectDirPath = "";
			projectRoot = "";
			targets = (
				595F71CB29D6F5DE002E3B4D /* Expense Tracker */,
			);
		};
/* End PBXProject section */

/* Begin PBXResourcesBuildPhase section */
		595F71CA29D6F5DE002E3B4D /* Resources */ = {
			isa = PBXResourcesBuildPhase;
			buildActionMask = 2147483647;
			files = (
				595F71D729D6F5DF002E3B4D /* Preview Assets.xcassets in Resources */,
				595F71D429D6F5DF002E3B4D /* Assets.xcassets in Resources */,
			);
			runOnlyForDeploymentPostprocessing = 0;
		};
/* End PBXResourcesBuildPhase section */

/* Begin PBXSourcesBuildPhase section */
		595F71C829D6F5DE002E3B4D /* Sources */ = {
			isa = PBXSourcesBuildPhase;
			buildActionMask = 2147483647;
			files = (
				595F71E229D6FA72002E3B4D /* TransactionModel.swift in Sources */,
				595F71D229D6F5DE002E3B4D /* ContentView.swift in Sources */,
				595F71E429D6FB07002E3B4D /* PreviewData.swift in Sources */,
				595F71E029D6F7B2002E3B4D /* HomeView.swift in Sources */,
				595F71E629D70299002E3B4D /* TransactionRow.swift in Sources */,
				595F71DE29D6F6D6002E3B4D /* Extensions.swift in Sources */,
				595F71EA29D71F73002E3B4D /* RecentTransactionList.swift in Sources */,
				595F71EC29D72DE1002E3B4D /* TransactionListView.swift in Sources */,
				595F71D029D6F5DE002E3B4D /* Expense_TrackerApp.swift in Sources */,
				595F71E829D7152C002E3B4D /* TransactionListViewModel.swift in Sources */,
			);
			runOnlyForDeploymentPostprocessing = 0;
		};
/* End PBXSourcesBuildPhase section */

/* Begin XCBuildConfiguration section */
		595F71D829D6F5DF002E3B4D /* Debug */ = {
			isa = XCBuildConfiguration;
			buildSettings = {
				ALWAYS_SEARCH_USER_PATHS = NO;
				CLANG_ANALYZER_NONNULL = YES;
				CLANG_ANALYZER_NUMBER_OBJECT_CONVERSION = YES_AGGRESSIVE;
				CLANG_CXX_LANGUAGE_STANDARD = "gnu++20";
				CLANG_ENABLE_MODULES = YES;
				CLANG_ENABLE_OBJC_ARC = YES;
				CLANG_ENABLE_OBJC_WEAK = YES;
				CLANG_WARN_BLOCK_CAPTURE_AUTORELEASING = YES;
				CLANG_WARN_BOOL_CONVERSION = YES;
				CLANG_WARN_COMMA = YES;
				CLANG_WARN_CONSTANT_CONVERSION = YES;
				CLANG_WARN_DEPRECATED_OBJC_IMPLEMENTATIONS = YES;
				CLANG_WARN_DIRECT_OBJC_ISA_USAGE = YES_ERROR;
				CLANG_WARN_DOCUMENTATION_COMMENTS = YES;
				CLANG_WARN_EMPTY_BODY = YES;
				CLANG_WARN_ENUM_CONVERSION = YES;
				CLANG_WARN_INFINITE_RECURSION = YES;
				CLANG_WARN_INT_CONVERSION = YES;
				CLANG_WARN_NON_LITERAL_NULL_CONVERSION = YES;
				CLANG_WARN_OBJC_IMPLICIT_RETAIN_SELF = YES;
				CLANG_WARN_OBJC_LITERAL_CONVERSION = YES;
				CLANG_WARN_OBJC_ROOT_CLASS = YES_ERROR;
				CLANG_WARN_QUOTED_INCLUDE_IN_FRAMEWORK_HEADER = YES;
				CLANG_WARN_RANGE_LOOP_ANALYSIS = YES;
				CLANG_WARN_STRICT_PROTOTYPES = YES;
				CLANG_WARN_SUSPICIOUS_MOVE = YES;
				CLANG_WARN_UNGUARDED_AVAILABILITY = YES_AGGRESSIVE;
				CLANG_WARN_UNREACHABLE_CODE = YES;
				CLANG_WARN__DUPLICATE_METHOD_MATCH = YES;
				COPY_PHASE_STRIP = NO;
				DEBUG_INFORMATION_FORMAT = dwarf;
				ENABLE_STRICT_OBJC_MSGSEND = YES;
				ENABLE_TESTABILITY = YES;
				GCC_C_LANGUAGE_STANDARD = gnu11;
				GCC_DYNAMIC_NO_PIC = NO;
				GCC_NO_COMMON_BLOCKS = YES;
				GCC_OPTIMIZATION_LEVEL = 0;
				GCC_PREPROCESSOR_DEFINITIONS = (
					"DEBUG=1",
					"$(inherited)",
				);
				GCC_WARN_64_TO_32_BIT_CONVERSION = YES;
				GCC_WARN_ABOUT_RETURN_TYPE = YES_ERROR;
				GCC_WARN_UNDECLARED_SELECTOR = YES;
				GCC_WARN_UNINITIALIZED_AUTOS = YES_AGGRESSIVE;
				GCC_WARN_UNUSED_FUNCTION = YES;
				GCC_WARN_UNUSED_VARIABLE = YES;
				IPHONEOS_DEPLOYMENT_TARGET = 16.2;
				MTL_ENABLE_DEBUG_INFO = INCLUDE_SOURCE;
				MTL_FAST_MATH = YES;
				ONLY_ACTIVE_ARCH = YES;
				SDKROOT = iphoneos;
				SWIFT_ACTIVE_COMPILATION_CONDITIONS = DEBUG;
				SWIFT_OPTIMIZATION_LEVEL = "-Onone";
			};
			name = Debug;
		};
		595F71D929D6F5DF002E3B4D /* Release */ = {
			isa = XCBuildConfiguration;
			buildSettings = {
				ALWAYS_SEARCH_USER_PATHS = NO;
				CLANG_ANALYZER_NONNULL = YES;
				CLANG_ANALYZER_NUMBER_OBJECT_CONVERSION = YES_AGGRESSIVE;
				CLANG_CXX_LANGUAGE_STANDARD = "gnu++20";
				CLANG_ENABLE_MODULES = YES;
				CLANG_ENABLE_OBJC_ARC = YES;
				CLANG_ENABLE_OBJC_WEAK = YES;
				CLANG_WARN_BLOCK_CAPTURE_AUTORELEASING = YES;
				CLANG_WARN_BOOL_CONVERSION = YES;
				CLANG_WARN_COMMA = YES;
				CLANG_WARN_CONSTANT_CONVERSION = YES;
				CLANG_WARN_DEPRECATED_OBJC_IMPLEMENTATIONS = YES;
				CLANG_WARN_DIRECT_OBJC_ISA_USAGE = YES_ERROR;
				CLANG_WARN_DOCUMENTATION_COMMENTS = YES;
				CLANG_WARN_EMPTY_BODY = YES;
				CLANG_WARN_ENUM_CONVERSION = YES;
				CLANG_WARN_INFINITE_RECURSION = YES;
				CLANG_WARN_INT_CONVERSION = YES;
				CLANG_WARN_NON_LITERAL_NULL_CONVERSION = YES;
				CLANG_WARN_OBJC_IMPLICIT_RETAIN_SELF = YES;
				CLANG_WARN_OBJC_LITERAL_CONVERSION = YES;
				CLANG_WARN_OBJC_ROOT_CLASS = YES_ERROR;
				CLANG_WARN_QUOTED_INCLUDE_IN_FRAMEWORK_HEADER = YES;
				CLANG_WARN_RANGE_LOOP_ANALYSIS = YES;
				CLANG_WARN_STRICT_PROTOTYPES = YES;
				CLANG_WARN_SUSPICIOUS_MOVE = YES;
				CLANG_WARN_UNGUARDED_AVAILABILITY = YES_AGGRESSIVE;
				CLANG_WARN_UNREACHABLE_CODE = YES;
				CLANG_WARN__DUPLICATE_METHOD_MATCH = YES;
				COPY_PHASE_STRIP = NO;
				DEBUG_INFORMATION_FORMAT = "dwarf-with-dsym";
				ENABLE_NS_ASSERTIONS = NO;
				ENABLE_STRICT_OBJC_MSGSEND = YES;
				GCC_C_LANGUAGE_STANDARD = gnu11;
				GCC_NO_COMMON_BLOCKS = YES;
				GCC_WARN_64_TO_32_BIT_CONVERSION = YES;
				GCC_WARN_ABOUT_RETURN_TYPE = YES_ERROR;
				GCC_WARN_UNDECLARED_SELECTOR = YES;
				GCC_WARN_UNINITIALIZED_AUTOS = YES_AGGRESSIVE;
				GCC_WARN_UNUSED_FUNCTION = YES;
				GCC_WARN_UNUSED_VARIABLE = YES;
				IPHONEOS_DEPLOYMENT_TARGET = 16.2;
				MTL_ENABLE_DEBUG_INFO = NO;
				MTL_FAST_MATH = YES;
				SDKROOT = iphoneos;
				SWIFT_COMPILATION_MODE = wholemodule;
				SWIFT_OPTIMIZATION_LEVEL = "-O";
				VALIDATE_PRODUCT = YES;
			};
			name = Release;
		};
		595F71DB29D6F5DF002E3B4D /* Debug */ = {
			isa = XCBuildConfiguration;
			buildSettings = {
				ASSETCATALOG_COMPILER_APPICON_NAME = AppIcon;
				ASSETCATALOG_COMPILER_GLOBAL_ACCENT_COLOR_NAME = AccentColor;
				CODE_SIGN_STYLE = Automatic;
				CURRENT_PROJECT_VERSION = 1;
				DEVELOPMENT_ASSET_PATHS = "\"Expense Tracker/Preview Content\"";
				DEVELOPMENT_TEAM = NU7BU33S3Z;
				ENABLE_PREVIEWS = YES;
				GENERATE_INFOPLIST_FILE = YES;
				INFOPLIST_KEY_UIApplicationSceneManifest_Generation = YES;
				INFOPLIST_KEY_UIApplicationSupportsIndirectInputEvents = YES;
				INFOPLIST_KEY_UILaunchScreen_Generation = YES;
				INFOPLIST_KEY_UISupportedInterfaceOrientations_iPad = "UIInterfaceOrientationPortrait UIInterfaceOrientationPortraitUpsideDown UIInterfaceOrientationLandscapeLeft UIInterfaceOrientationLandscapeRight";
				INFOPLIST_KEY_UISupportedInterfaceOrientations_iPhone = "UIInterfaceOrientationPortrait UIInterfaceOrientationLandscapeLeft UIInterfaceOrientationLandscapeRight";
				LD_RUNPATH_SEARCH_PATHS = (
					"$(inherited)",
					"@executable_path/Frameworks",
				);
				MARKETING_VERSION = 1.0;
				PRODUCT_BUNDLE_IDENTIFIER = "com.nate995.Expense-Tracker";
				PRODUCT_NAME = "$(TARGET_NAME)";
				SWIFT_EMIT_LOC_STRINGS = YES;
				SWIFT_VERSION = 5.0;
				TARGETED_DEVICE_FAMILY = "1,2";
			};
			name = Debug;
		};
		595F71DC29D6F5DF002E3B4D /* Release */ = {
			isa = XCBuildConfiguration;
			buildSettings = {
				ASSETCATALOG_COMPILER_APPICON_NAME = AppIcon;
				ASSETCATALOG_COMPILER_GLOBAL_ACCENT_COLOR_NAME = AccentColor;
				CODE_SIGN_STYLE = Automatic;
				CURRENT_PROJECT_VERSION = 1;
				DEVELOPMENT_ASSET_PATHS = "\"Expense Tracker/Preview Content\"";
				DEVELOPMENT_TEAM = NU7BU33S3Z;
				ENABLE_PREVIEWS = YES;
				GENERATE_INFOPLIST_FILE = YES;
				INFOPLIST_KEY_UIApplicationSceneManifest_Generation = YES;
				INFOPLIST_KEY_UIApplicationSupportsIndirectInputEvents = YES;
				INFOPLIST_KEY_UILaunchScreen_Generation = YES;
				INFOPLIST_KEY_UISupportedInterfaceOrientations_iPad = "UIInterfaceOrientationPortrait UIInterfaceOrientationPortraitUpsideDown UIInterfaceOrientationLandscapeLeft UIInterfaceOrientationLandscapeRight";
				INFOPLIST_KEY_UISupportedInterfaceOrientations_iPhone = "UIInterfaceOrientationPortrait UIInterfaceOrientationLandscapeLeft UIInterfaceOrientationLandscapeRight";
				LD_RUNPATH_SEARCH_PATHS = (
					"$(inherited)",
					"@executable_path/Frameworks",
				);
				MARKETING_VERSION = 1.0;
				PRODUCT_BUNDLE_IDENTIFIER = "com.nate995.Expense-Tracker";
				PRODUCT_NAME = "$(TARGET_NAME)";
				SWIFT_EMIT_LOC_STRINGS = YES;
				SWIFT_VERSION = 5.0;
				TARGETED_DEVICE_FAMILY = "1,2";
			};
			name = Release;
		};
/* End XCBuildConfiguration section */

/* Begin XCConfigurationList section */
		595F71C729D6F5DE002E3B4D /* Build configuration list for PBXProject "Expense Tracker" */ = {
			isa = XCConfigurationList;
			buildConfigurations = (
				595F71D829D6F5DF002E3B4D /* Debug */,
				595F71D929D6F5DF002E3B4D /* Release */,
			);
			defaultConfigurationIsVisible = 0;
			defaultConfigurationName = Release;
		};
		595F71DA29D6F5DF002E3B4D /* Build configuration list for PBXNativeTarget "Expense Tracker" */ = {
			isa = XCConfigurationList;
			buildConfigurations = (
				595F71DB29D6F5DF002E3B4D /* Debug */,
				595F71DC29D6F5DF002E3B4D /* Release */,
			);
			defaultConfigurationIsVisible = 0;
			defaultConfigurationName = Release;
		};
/* End XCConfigurationList section */

/* Begin XCRemoteSwiftPackageReference section */
		595F71F129D73157002E3B4D /* XCRemoteSwiftPackageReference "swift-collections" */ = {
			isa = XCRemoteSwiftPackageReference;
			repositoryURL = "https://github.com/apple/swift-collections.git";
			requirement = {
				kind = upToNextMajorVersion;
				minimumVersion = 1.0.0;
			};
		};
		595F71F429D7369D002E3B4D /* XCRemoteSwiftPackageReference "ChartView" */ = {
			isa = XCRemoteSwiftPackageReference;
			repositoryURL = "https://github.com/AppPear/ChartView";
			requirement = {
				kind = exactVersion;
				version = "2.0.0-beta.2";
			};
		};
/* End XCRemoteSwiftPackageReference section */

/* Begin XCSwiftPackageProductDependency section */
		595F71F229D73157002E3B4D /* OrderedCollections */ = {
			isa = XCSwiftPackageProductDependency;
			package = 595F71F129D73157002E3B4D /* XCRemoteSwiftPackageReference "swift-collections" */;
			productName = OrderedCollections;
		};
		595F71F529D7369D002E3B4D /* SwiftUICharts */ = {
			isa = XCSwiftPackageProductDependency;
			package = 595F71F429D7369D002E3B4D /* XCRemoteSwiftPackageReference "ChartView" */;
			productName = SwiftUICharts;
		};
/* End XCSwiftPackageProductDependency section */
	};
	rootObject = 595F71C429D6F5DE002E3B4D /* Project object */;
}
